
Microsoft Visual Studio Solution File, Format Version 12.00
# Visual Studio Version 17
VisualStudioVersion = 17.9.34616.47
MinimumVisualStudioVersion = 10.0.40219.1
Project("{9A19103F-16F7-4668-BE54-9A1E7A4F7556}") = "KR_SQLite_NewTry_2_MVC", "KR_SQLite_NewTry_2_MVC\KR_SQLite_NewTry_2_MVC.csproj", "{96A6580E-24C6-4D4E-B9A0-AAC6F411FB16}"
EndProject
Project("{54435603-DBB4-11D2-8724-00A0C9A8B90C}") = "StockApp", "StockApp\StockApp.vdproj", "{2FD96BB8-01BD-4585-A7CB-78E0517F5DD4}"
EndProject
Global
	GlobalSection(SolutionConfigurationPlatforms) = preSolution
		Debug|Any CPU = Debug|Any CPU
		Release|Any CPU = Release|Any CPU
	EndGlobalSection
	GlobalSection(ProjectConfigurationPlatforms) = postSolution
		{96A6580E-24C6-4D4E-B9A0-AAC6F411FB16}.Debug|Any CPU.ActiveCfg = Debug|Any CPU
		{96A6580E-24C6-4D4E-B9A0-AAC6F411FB16}.Debug|Any CPU.Build.0 = Debug|Any CPU
		{96A6580E-24C6-4D4E-B9A0-AAC6F411FB16}.Release|Any CPU.ActiveCfg = Release|Any CPU
		{96A6580E-24C6-4D4E-B9A0-AAC6F411FB16}.Release|Any CPU.Build.0 = Release|Any CPU
		{2FD96BB8-01BD-4585-A7CB-78E0517F5DD4}.Debug|Any CPU.ActiveCfg = Debug
		{2FD96BB8-01BD-4585-A7CB-78E0517F5DD4}.Release|Any CPU.ActiveCfg = Release
	EndGlobalSection
	GlobalSection(SolutionProperties) = preSolution
		HideSolutionNode = FALSE
	EndGlobalSection
	GlobalSection(ExtensibilityGlobals) = postSolution
		SolutionGuid = {000C40D9-C839-43AC-9E40-DE72149B366E}
	EndGlobalSection
EndGlobal
